// !$*UTF8*$!
{
	archiveVersion = 1;
	classes = {
	};
	objectVersion = 46;
	objects = {

/* Begin PBXBuildFile section */
		82344B1A1E975A20009F178D /* AppDelegate.swift in Sources */ = {isa = PBXBuildFile; fileRef = 82344B191E975A20009F178D /* AppDelegate.swift */; };
		82344B1C1E975A20009F178D /* ViewController.swift in Sources */ = {isa = PBXBuildFile; fileRef = 82344B1B1E975A20009F178D /* ViewController.swift */; };
		82344B1F1E975A20009F178D /* Main.storyboard in Resources */ = {isa = PBXBuildFile; fileRef = 82344B1D1E975A20009F178D /* Main.storyboard */; };
		82344B211E975A20009F178D /* Assets.xcassets in Resources */ = {isa = PBXBuildFile; fileRef = 82344B201E975A20009F178D /* Assets.xcassets */; };
		82344B241E975A20009F178D /* LaunchScreen.storyboard in Resources */ = {isa = PBXBuildFile; fileRef = 82344B221E975A20009F178D /* LaunchScreen.storyboard */; };
/* End PBXBuildFile section */

/* Begin PBXFileReference section */
		82344B161E975A20009F178D /* LocalPlacesSearchUsingMapKit.app */ = {isa = PBXFileReference; explicitFileType = wrapper.application; includeInIndex = 0; path = LocalPlacesSearchUsingMapKit.app; sourceTree = BUILT_PRODUCTS_DIR; };
		82344B191E975A20009F178D /* AppDelegate.swift */ = {isa = PBXFileReference; lastKnownFileType = sourcecode.swift; path = AppDelegate.swift; sourceTree = "<group>"; };
		82344B1B1E975A20009F178D /* ViewController.swift */ = {isa = PBXFileReference; lastKnownFileType = sourcecode.swift; path = ViewController.swift; sourceTree = "<group>"; };
		82344B1E1E975A20009F178D /* Base */ = {isa = PBXFileReference; lastKnownFileType = file.storyboard; name = Base; path = Base.lproj/Main.storyboard; sourceTree = "<group>"; };
		82344B201E975A20009F178D /* Assets.xcassets */ = {isa = PBXFileReference; lastKnownFileType = folder.assetcatalog; path = Assets.xcassets; sourceTree = "<group>"; };
		82344B231E975A20009F178D /* Base */ = {isa = PBXFileReference; lastKnownFileType = file.storyboard; name = Base; path = Base.lproj/LaunchScreen.storyboard; sourceTree = "<group>"; };
		82344B251E975A20009F178D /* Info.plist */ = {isa = PBXFileReference; lastKnownFileType = text.plist.xml; path = Info.plist; sourceTree = "<group>"; };
/* End PBXFileReference section */

/* Begin PBXFrameworksBuildPhase section */
		82344B131E975A20009F178D /* Frameworks */ = {
			isa = PBXFrameworksBuildPhase;
			buildActionMask = 2147483647;
			files = (
			);
			runOnlyForDeploymentPostprocessing = 0;
		};
/* End PBXFrameworksBuildPhase section */

/* Begin PBXGroup section */
		82344B0D1E975A20009F178D = {
			isa = PBXGroup;
			children = (
				82344B181E975A20009F178D /* LocalPlacesSearchUsingMapKit */,
				82344B171E975A20009F178D /* Products */,
			);
			sourceTree = "<group>";
		};
		82344B171E975A20009F178D /* Products */ = {
			isa = PBXGroup;
			children = (
				82344B161E975A20009F178D /* LocalPlacesSearchUsingMapKit.app */,
			);
			name = Products;
			sourceTree = "<group>";
		};
		82344B181E975A20009F178D /* LocalPlacesSearchUsingMapKit */ = {
			isa = PBXGroup;
			children = (
				82344B191E975A20009F178D /* AppDelegate.swift */,
				82344B1B1E975A20009F178D /* ViewController.swift */,
				82344B1D1E975A20009F178D /* Main.storyboard */,
				82344B201E975A20009F178D /* Assets.xcassets */,
				82344B221E975A20009F178D /* LaunchScreen.storyboard */,
				82344B251E975A20009F178D /* Info.plist */,
			);
			path = LocalPlacesSearchUsingMapKit;
			sourceTree = "<group>";
		};
/* End PBXGroup section */

/* Begin PBXNativeTarget section */
		82344B151E975A20009F178D /* LocalPlacesSearchUsingMapKit */ = {
			isa = PBXNativeTarget;
			buildConfigurationList = 82344B281E975A20009F178D /* Build configuration list for PBXNativeTarget "LocalPlacesSearchUsingMapKit" */;
			buildPhases = (
				82344B121E975A20009F178D /* Sources */,
				82344B131E975A20009F178D /* Frameworks */,
				82344B141E975A20009F178D /* Resources */,
			);
			buildRules = (
			);
			dependencies = (
			);
			name = LocalPlacesSearchUsingMapKit;
			productName = LocalPlacesSearchUsingMapKit;
			productReference = 82344B161E975A20009F178D /* LocalPlacesSearchUsingMapKit.app */;
			productType = "com.apple.product-type.application";
		};
/* End PBXNativeTarget section */

/* Begin PBXProject section */
		82344B0E1E975A20009F178D /* Project object */ = {
			isa = PBXProject;
			attributes = {
				LastSwiftUpdateCheck = 0820;
				LastUpgradeCheck = 0820;
				ORGANIZATIONNAME = "Pushpam Group";
				TargetAttributes = {
					82344B151E975A20009F178D = {
						CreatedOnToolsVersion = 8.2;
						ProvisioningStyle = Automatic;
					};
				};
			};
			buildConfigurationList = 82344B111E975A20009F178D /* Build configuration list for PBXProject "LocalPlacesSearchUsingMapKit" */;
			compatibilityVersion = "Xcode 3.2";
			developmentRegion = English;
			hasScannedForEncodings = 0;
			knownRegions = (
				en,
				Base,
			);
			mainGroup = 82344B0D1E975A20009F178D;
			productRefGroup = 82344B171E975A20009F178D /* Products */;
			projectDirPath = "";
			projectRoot = "";
			targets = (
				82344B151E975A20009F178D /* LocalPlacesSearchUsingMapKit */,
			);
		};
/* End PBXProject section */

/* Begin PBXResourcesBuildPhase section */
		82344B141E975A20009F178D /* Resources */ = {
			isa = PBXResourcesBuildPhase;
			buildActionMask = 2147483647;
			files = (
				82344B241E975A20009F178D /* LaunchScreen.storyboard in Resources */,
				82344B211E975A20009F178D /* Assets.xcassets in Resources */,
				82344B1F1E975A20009F178D /* Main.storyboard in Resources */,
			);
			runOnlyForDeploymentPostprocessing = 0;
		};
/* End PBXResourcesBuildPhase section */

/* Begin PBXSourcesBuildPhase section */
		82344B121E975A20009F178D /* Sources */ = {
			isa = PBXSourcesBuildPhase;
			buildActionMask = 2147483647;
			files = (
				82344B1C1E975A20009F178D /* ViewController.swift in Sources */,
				82344B1A1E975A20009F178D /* AppDelegate.swift in Sources */,
			);
			runOnlyForDeploymentPostprocessing = 0;
		};
/* End PBXSourcesBuildPhase section */

/* Begin PBXVariantGroup section */
		82344B1D1E975A20009F178D /* Main.storyboard */ = {
			isa = PBXVariantGroup;
			children = (
				82344B1E1E975A20009F178D /* Base */,
			);
			name = Main.storyboard;
			sourceTree = "<group>";
		};
		82344B221E975A20009F178D /* LaunchScreen.storyboard */ = {
			isa = PBXVariantGroup;
			children = (
				82344B231E975A20009F178D /* Base */,
			);
			name = LaunchScreen.storyboard;
			sourceTree = "<group>";
		};
/* End PBXVariantGroup section */

/* Begin XCBuildConfiguration section */
		82344B261E975A20009F178D /* Debug */ = {
			isa = XCBuildConfiguration;
			buildSettings = {
				ALWAYS_SEARCH_USER_PATHS = NO;
				CLANG_ANALYZER_NONNULL = YES;
				CLANG_CXX_LANGUAGE_STANDARD = "gnu++0x";
				CLANG_CXX_LIBRARY = "libc++";
				CLANG_ENABLE_MODULES = YES;
				CLANG_ENABLE_OBJC_ARC = YES;
				CLANG_WARN_BOOL_CONVERSION = YES;
				CLANG_WARN_CONSTANT_CONVERSION = YES;
				CLANG_WARN_DIRECT_OBJC_ISA_USAGE = YES_ERROR;
				CLANG_WARN_DOCUMENTATION_COMMENTS = YES;
				CLANG_WARN_EMPTY_BODY = YES;
				CLANG_WARN_ENUM_CONVERSION = YES;
				CLANG_WARN_INFINITE_RECURSION = YES;
				CLANG_WARN_INT_CONVERSION = YES;
				CLANG_WARN_OBJC_ROOT_CLASS = YES_ERROR;
				CLANG_WARN_SUSPICIOUS_MOVE = YES;
				CLANG_WARN_UNREACHABLE_CODE = YES;
				CLANG_WARN__DUPLICATE_METHOD_MATCH = YES;
				"CODE_SIGN_IDENTITY[sdk=iphoneos*]" = "iPhone Developer";
				COPY_PHASE_STRIP = NO;
				DEBUG_INFORMATION_FORMAT = dwarf;
				ENABLE_STRICT_OBJC_MSGSEND = YES;
				ENABLE_TESTABILITY = YES;
				GCC_C_LANGUAGE_STANDARD = gnu99;
				GCC_DYNAMIC_NO_PIC = NO;
				GCC_NO_COMMON_BLOCKS = YES;
				GCC_OPTIMIZATION_LEVEL = 0;
				GCC_PREPROCESSOR_DEFINITIONS = (
					"DEBUG=1",
					"$(inherited)",
				);
				GCC_WARN_64_TO_32_BIT_CONVERSION = YES;
				GCC_WARN_ABOUT_RETURN_TYPE = YES_ERROR;
				GCC_WARN_UNDECLARED_SELECTOR = YES;
				GCC_WARN_UNINITIALIZED_AUTOS = YES_AGGRESSIVE;
				GCC_WARN_UNUSED_FUNCTION = YES;
				GCC_WARN_UNUSED_VARIABLE = YES;
				IPHONEOS_DEPLOYMENT_TARGET = 10.2;
				MTL_ENABLE_DEBUG_INFO = YES;
				ONLY_ACTIVE_ARCH = YES;
				SDKROOT = iphoneos;
				SWIFT_ACTIVE_COMPILATION_CONDITIONS = DEBUG;
				SWIFT_OPTIMIZATION_LEVEL = "-Onone";
			};
			name = Debug;
		};
		82344B271E975A20009F178D /* Release */ = {
			isa = XCBuildConfiguration;
			buildSettings = {
				ALWAYS_SEARCH_USER_PATHS = NO;
				CLANG_ANALYZER_NONNULL = YES;
				CLANG_CXX_LANGUAGE_STANDARD = "gnu++0x";
				CLANG_CXX_LIBRARY = "libc++";
				CLANG_ENABLE_MODULES = YES;
				CLANG_ENABLE_OBJC_ARC = YES;
				CLANG_WARN_BOOL_CONVERSION = YES;
				CLANG_WARN_CONSTANT_CONVERSION = YES;
				CLANG_WARN_DIRECT_OBJC_ISA_USAGE = YES_ERROR;
				CLANG_WARN_DOCUMENTATION_COMMENTS = YES;
				CLANG_WARN_EMPTY_BODY = YES;
				CLANG_WARN_ENUM_CONVERSION = YES;
				CLANG_WARN_INFINITE_RECURSION = YES;
				CLANG_WARN_INT_CONVERSION = YES;
				CLANG_WARN_OBJC_ROOT_CLASS = YES_ERROR;
				CLANG_WARN_SUSPICIOUS_MOVE = YES;
				CLANG_WARN_UNREACHABLE_CODE = YES;
				CLANG_WARN__DUPLICATE_METHOD_MATCH = YES;
				"CODE_SIGN_IDENTITY[sdk=iphoneos*]" = "iPhone Developer";
				COPY_PHASE_STRIP = NO;
				DEBUG_INFORMATION_FORMAT = "dwarf-with-dsym";
				ENABLE_NS_ASSERTIONS = NO;
				ENABLE_STRICT_OBJC_MSGSEND = YES;
				GCC_C_LANGUAGE_STANDARD = gnu99;
				GCC_NO_COMMON_BLOCKS = YES;
				GCC_WARN_64_TO_32_BIT_CONVERSION = YES;
				GCC_WARN_ABOUT_RETURN_TYPE = YES_ERROR;
				GCC_WARN_UNDECLARED_SELECTOR = YES;
				GCC_WARN_UNINITIALIZED_AUTOS = YES_AGGRESSIVE;
				GCC_WARN_UNUSED_FUNCTION = YES;
				GCC_WARN_UNUSED_VARIABLE = YES;
				IPHONEOS_DEPLOYMENT_TARGET = 10.2;
				MTL_ENABLE_DEBUG_INFO = NO;
				SDKROOT = iphoneos;
				SWIFT_OPTIMIZATION_LEVEL = "-Owholemodule";
				VALIDATE_PRODUCT = YES;
			};
			name = Release;
		};
		82344B291E975A20009F178D /* Debug */ = {
			isa = XCBuildConfiguration;
			buildSettings = {
				ASSETCATALOG_COMPILER_APPICON_NAME = AppIcon;
				INFOPLIST_FILE = LocalPlacesSearchUsingMapKit/Info.plist;
				LD_RUNPATH_SEARCH_PATHS = "$(inherited) @executable_path/Frameworks";
				PRODUCT_BUNDLE_IDENTIFIER = com.swift.Test.LocalPlacesSearchUsingMapKit;
				PRODUCT_NAME = "$(TARGET_NAME)";
				SWIFT_VERSION = 3.0;
			};
			name = Debug;
		};
		82344B2A1E975A20009F178D /* Release */ = {
			isa = XCBuildConfiguration;
			buildSettings = {
				ASSETCATALOG_COMPILER_APPICON_NAME = AppIcon;
				INFOPLIST_FILE = LocalPlacesSearchUsingMapKit/Info.plist;
				LD_RUNPATH_SEARCH_PATHS = "$(inherited) @executable_path/Frameworks";
				PRODUCT_BUNDLE_IDENTIFIER = com.swift.Test.LocalPlacesSearchUsingMapKit;
				PRODUCT_NAME = "$(TARGET_NAME)";
				SWIFT_VERSION = 3.0;
			};
			name = Release;
		};
/* End XCBuildConfiguration section */

/* Begin XCConfigurationList section */
		82344B111E975A20009F178D /* Build configuration list for PBXProject "LocalPlacesSearchUsingMapKit" */ = {
			isa = XCConfigurationList;
			buildConfigurations = (
				82344B261E975A20009F178D /* Debug */,
				82344B271E975A20009F178D /* Release */,
			);
			defaultConfigurationIsVisible = 0;
			defaultConfigurationName = Release;
		};
		82344B281E975A20009F178D /* Build configuration list for PBXNativeTarget "LocalPlacesSearchUsingMapKit" */ = {
			isa = XCConfigurationList;
			buildConfigurations = (
				82344B291E975A20009F178D /* Debug */,
				82344B2A1E975A20009F178D /* Release */,
			);
			defaultConfigurationIsVisible = 0;
		};
/* End XCConfigurationList section */
	};
	rootObject = 82344B0E1E975A20009F178D /* Project object */;
}
